
Microsoft Visual Studio Solution File, Format Version 12.00
# Visual Studio Version 16
VisualStudioVersion = 16.0.810.25
MinimumVisualStudioVersion = 10.0.40219.1
Project("{FAE04EC0-301F-11D3-BF4B-00C04F79EFBC}") = "congestion.tax.calculator.api", "congestion.tax.calculator.api\congestion.tax.calculator.api.csproj", "{8D552D09-15A7-4A3D-832E-931A2B36564B}"
EndProject
Project("{FAE04EC0-301F-11D3-BF4B-00C04F79EFBC}") = "congestion-tax-calculator-net-core", "..\..\congestion-tax-calculator-main\netcore\congestion-tax-calculator-net-core.csproj", "{058F15B3-4A06-4DF7-8B9F-5B69C91023AF}"
EndProject
Project("{FAE04EC0-301F-11D3-BF4B-00C04F79EFBC}") = "congestion.tax.calculator.api.test", "congestion.tax.calculator.api.test\congestion.tax.calculator.api.test.csproj", "{DD92F97C-D26D-4D17-ADE1-3EC922BB0DEF}"
EndProject
Project("{FAE04EC0-301F-11D3-BF4B-00C04F79EFBC}") = "congestion-tax-calculator-net-core-test", "congestion-tax-calculator-net-core-test\congestion-tax-calculator-net-core-test.csproj", "{55E53291-1B4A-4891-97D1-613B7DAE6CAF}"
EndProject
Global
	GlobalSection(SolutionConfigurationPlatforms) = preSolution
		Debug|Any CPU = Debug|Any CPU
		Release|Any CPU = Release|Any CPU
	EndGlobalSection
	GlobalSection(ProjectConfigurationPlatforms) = postSolution
		{8D552D09-15A7-4A3D-832E-931A2B36564B}.Debug|Any CPU.ActiveCfg = Debug|Any CPU
		{8D552D09-15A7-4A3D-832E-931A2B36564B}.Debug|Any CPU.Build.0 = Debug|Any CPU
		{8D552D09-15A7-4A3D-832E-931A2B36564B}.Release|Any CPU.ActiveCfg = Release|Any CPU
		{8D552D09-15A7-4A3D-832E-931A2B36564B}.Release|Any CPU.Build.0 = Release|Any CPU
		{058F15B3-4A06-4DF7-8B9F-5B69C91023AF}.Debug|Any CPU.ActiveCfg = Debug|Any CPU
		{058F15B3-4A06-4DF7-8B9F-5B69C91023AF}.Debug|Any CPU.Build.0 = Debug|Any CPU
		{058F15B3-4A06-4DF7-8B9F-5B69C91023AF}.Release|Any CPU.ActiveCfg = Release|Any CPU
		{058F15B3-4A06-4DF7-8B9F-5B69C91023AF}.Release|Any CPU.Build.0 = Release|Any CPU
		{DD92F97C-D26D-4D17-ADE1-3EC922BB0DEF}.Debug|Any CPU.ActiveCfg = Debug|Any CPU
		{DD92F97C-D26D-4D17-ADE1-3EC922BB0DEF}.Debug|Any CPU.Build.0 = Debug|Any CPU
		{DD92F97C-D26D-4D17-ADE1-3EC922BB0DEF}.Release|Any CPU.ActiveCfg = Release|Any CPU
		{DD92F97C-D26D-4D17-ADE1-3EC922BB0DEF}.Release|Any CPU.Build.0 = Release|Any CPU
		{55E53291-1B4A-4891-97D1-613B7DAE6CAF}.Debug|Any CPU.ActiveCfg = Debug|Any CPU
		{55E53291-1B4A-4891-97D1-613B7DAE6CAF}.Debug|Any CPU.Build.0 = Debug|Any CPU
		{55E53291-1B4A-4891-97D1-613B7DAE6CAF}.Release|Any CPU.ActiveCfg = Release|Any CPU
		{55E53291-1B4A-4891-97D1-613B7DAE6CAF}.Release|Any CPU.Build.0 = Release|Any CPU
	EndGlobalSection
	GlobalSection(SolutionProperties) = preSolution
		HideSolutionNode = FALSE
	EndGlobalSection
	GlobalSection(ExtensibilityGlobals) = postSolution
		SolutionGuid = {D92598B5-4628-48DA-8124-BC7F2F8325C5}
	EndGlobalSection
EndGlobal
